# This file is @generated by PDM.
# It is not intended for manual editing.

[metadata]
groups = ["default"]
strategy = ["inherit_metadata"]
lock_version = "4.5.0"
content_hash = "sha256:02a387548ac4616253aa084bc0867dcc7e09932382885d9da39a910b531dfc27"

[[metadata.targets]]
requires_python = ">=3.12"

[[package]]
name = "mashumaro"
version = "3.15"
requires_python = ">=3.9"
summary = "Fast and well tested serialization library"
groups = ["default"]
dependencies = [
    "typing-extensions>=4.1.0",
]
files = [
    {file = "mashumaro-3.15-py3-none-any.whl", hash = "sha256:cdd45ef5a4d09860846a3ee37a4c2f5f4bc70eb158caa55648c4c99451ca6c4c"},
    {file = "mashumaro-3.15.tar.gz", hash = "sha256:32a2a38a1e942a07f2cbf9c3061cb2a247714ee53e36a5958548b66bd116d0a9"},
]

[[package]]
name = "typing-extensions"
version = "4.12.2"
requires_python = ">=3.8"
summary = "Backported and Experimental Type Hints for Python 3.8+"
groups = ["default"]
files = [
    {file = "typing_extensions-4.12.2-py3-none-any.whl", hash = "sha256:04e5ca0351e0f3f85c6853954072df659d0d13fac324d0072316b67d7794700d"},
    {file = "typing_extensions-4.12.2.tar.gz", hash = "sha256:1a7ead55c7e559dd4dee8856e3a88b41225abfe1ce8df57b7c13915fe121ffb8"},
]
